
Microsoft Visual Studio Solution File, Format Version 12.00
# Visual Studio 2012
Project("{FAE04EC0-301F-11D3-BF4B-00C04F79EFBC}") = "MyTextToSpeech", "MyTextToSpeech\MyTextToSpeech.csproj", "{C732CCD0-F0F1-426B-B278-8AC3E9CC68B2}"
EndProject
Project("{FAE04EC0-301F-11D3-BF4B-00C04F79EFBC}") = "MyTextToSpeech.iOS", "iOS\MyTextToSpeech.iOS.csproj", "{FBF391C8-9942-4F80-AEDE-3060BE320C8C}"
EndProject
Project("{FAE04EC0-301F-11D3-BF4B-00C04F79EFBC}") = "MyTextToSpeech.Droid", "Droid\MyTextToSpeech.Droid.csproj", "{077D9BCC-9BA3-4020-9A20-218E61D0C45E}"
EndProject
Global
	GlobalSection(SolutionConfigurationPlatforms) = preSolution
		Debug|Any CPU = Debug|Any CPU
		Release|Any CPU = Release|Any CPU
		Debug|iPhoneSimulator = Debug|iPhoneSimulator
		Release|iPhone = Release|iPhone
		Release|iPhoneSimulator = Release|iPhoneSimulator
		Debug|iPhone = Debug|iPhone
	EndGlobalSection
	GlobalSection(ProjectConfigurationPlatforms) = postSolution
		{C732CCD0-F0F1-426B-B278-8AC3E9CC68B2}.Debug|Any CPU.ActiveCfg = Debug|Any CPU
		{C732CCD0-F0F1-426B-B278-8AC3E9CC68B2}.Debug|Any CPU.Build.0 = Debug|Any CPU
		{C732CCD0-F0F1-426B-B278-8AC3E9CC68B2}.Release|Any CPU.ActiveCfg = Release|Any CPU
		{C732CCD0-F0F1-426B-B278-8AC3E9CC68B2}.Release|Any CPU.Build.0 = Release|Any CPU
		{C732CCD0-F0F1-426B-B278-8AC3E9CC68B2}.Debug|iPhoneSimulator.ActiveCfg = Debug|Any CPU
		{C732CCD0-F0F1-426B-B278-8AC3E9CC68B2}.Debug|iPhoneSimulator.Build.0 = Debug|Any CPU
		{C732CCD0-F0F1-426B-B278-8AC3E9CC68B2}.Release|iPhone.ActiveCfg = Release|Any CPU
		{C732CCD0-F0F1-426B-B278-8AC3E9CC68B2}.Release|iPhone.Build.0 = Release|Any CPU
		{C732CCD0-F0F1-426B-B278-8AC3E9CC68B2}.Release|iPhoneSimulator.ActiveCfg = Release|Any CPU
		{C732CCD0-F0F1-426B-B278-8AC3E9CC68B2}.Release|iPhoneSimulator.Build.0 = Release|Any CPU
		{C732CCD0-F0F1-426B-B278-8AC3E9CC68B2}.Debug|iPhone.ActiveCfg = Debug|Any CPU
		{C732CCD0-F0F1-426B-B278-8AC3E9CC68B2}.Debug|iPhone.Build.0 = Debug|Any CPU
		{FBF391C8-9942-4F80-AEDE-3060BE320C8C}.Debug|Any CPU.ActiveCfg = Debug|iPhoneSimulator
		{FBF391C8-9942-4F80-AEDE-3060BE320C8C}.Debug|Any CPU.Build.0 = Debug|iPhoneSimulator
		{FBF391C8-9942-4F80-AEDE-3060BE320C8C}.Release|Any CPU.ActiveCfg = Release|iPhone
		{FBF391C8-9942-4F80-AEDE-3060BE320C8C}.Release|Any CPU.Build.0 = Release|iPhone
		{FBF391C8-9942-4F80-AEDE-3060BE320C8C}.Debug|iPhoneSimulator.ActiveCfg = Debug|iPhoneSimulator
		{FBF391C8-9942-4F80-AEDE-3060BE320C8C}.Debug|iPhoneSimulator.Build.0 = Debug|iPhoneSimulator
		{FBF391C8-9942-4F80-AEDE-3060BE320C8C}.Release|iPhone.ActiveCfg = Release|iPhone
		{FBF391C8-9942-4F80-AEDE-3060BE320C8C}.Release|iPhone.Build.0 = Release|iPhone
		{FBF391C8-9942-4F80-AEDE-3060BE320C8C}.Release|iPhoneSimulator.ActiveCfg = Release|iPhoneSimulator
		{FBF391C8-9942-4F80-AEDE-3060BE320C8C}.Release|iPhoneSimulator.Build.0 = Release|iPhoneSimulator
		{FBF391C8-9942-4F80-AEDE-3060BE320C8C}.Debug|iPhone.ActiveCfg = Debug|iPhone
		{FBF391C8-9942-4F80-AEDE-3060BE320C8C}.Debug|iPhone.Build.0 = Debug|iPhone
		{077D9BCC-9BA3-4020-9A20-218E61D0C45E}.Debug|Any CPU.ActiveCfg = Debug|Any CPU
		{077D9BCC-9BA3-4020-9A20-218E61D0C45E}.Debug|Any CPU.Build.0 = Debug|Any CPU
		{077D9BCC-9BA3-4020-9A20-218E61D0C45E}.Release|Any CPU.ActiveCfg = Release|Any CPU
		{077D9BCC-9BA3-4020-9A20-218E61D0C45E}.Release|Any CPU.Build.0 = Release|Any CPU
		{077D9BCC-9BA3-4020-9A20-218E61D0C45E}.Debug|iPhoneSimulator.ActiveCfg = Debug|Any CPU
		{077D9BCC-9BA3-4020-9A20-218E61D0C45E}.Debug|iPhoneSimulator.Build.0 = Debug|Any CPU
		{077D9BCC-9BA3-4020-9A20-218E61D0C45E}.Release|iPhone.ActiveCfg = Release|Any CPU
		{077D9BCC-9BA3-4020-9A20-218E61D0C45E}.Release|iPhone.Build.0 = Release|Any CPU
		{077D9BCC-9BA3-4020-9A20-218E61D0C45E}.Release|iPhoneSimulator.ActiveCfg = Release|Any CPU
		{077D9BCC-9BA3-4020-9A20-218E61D0C45E}.Release|iPhoneSimulator.Build.0 = Release|Any CPU
		{077D9BCC-9BA3-4020-9A20-218E61D0C45E}.Debug|iPhone.ActiveCfg = Debug|Any CPU
		{077D9BCC-9BA3-4020-9A20-218E61D0C45E}.Debug|iPhone.Build.0 = Debug|Any CPU
	EndGlobalSection
EndGlobal
